// !$*UTF8*$!
{
	archiveVersion = 1;
	classes = {
	};
	objectVersion = 46;
	objects = {

/* Begin PBXBuildFile section */
		770E7E051E7061AD00D28260 /* main.m in Sources */ = {isa = PBXBuildFile; fileRef = 770E7E041E7061AD00D28260 /* main.m */; };
		770E7E0D1E7061E300D28260 /* Question.m in Sources */ = {isa = PBXBuildFile; fileRef = 770E7E0C1E7061E300D28260 /* Question.m */; };
		770E7E101E7061F300D28260 /* InputHandler.m in Sources */ = {isa = PBXBuildFile; fileRef = 770E7E0F1E7061F300D28260 /* InputHandler.m */; };
		770E7E131E70620900D28260 /* ScoreKeeper.m in Sources */ = {isa = PBXBuildFile; fileRef = 770E7E121E70620900D28260 /* ScoreKeeper.m */; };
		770E7E161E7065AD00D28260 /* QuestionManager.m in Sources */ = {isa = PBXBuildFile; fileRef = 770E7E151E7065AD00D28260 /* QuestionManager.m */; };
		770E7E191E70740F00D28260 /* AdditionQuestion.m in Sources */ = {isa = PBXBuildFile; fileRef = 770E7E181E70740F00D28260 /* AdditionQuestion.m */; };
		770E7E1C1E70742B00D28260 /* SubstractionQuestion.m in Sources */ = {isa = PBXBuildFile; fileRef = 770E7E1B1E70742B00D28260 /* SubstractionQuestion.m */; };
		770E7E1F1E70743C00D28260 /* MultiplicationQuestion.m in Sources */ = {isa = PBXBuildFile; fileRef = 770E7E1E1E70743C00D28260 /* MultiplicationQuestion.m */; };
		770E7E221E70744A00D28260 /* DivisionQuestion.m in Sources */ = {isa = PBXBuildFile; fileRef = 770E7E211E70744A00D28260 /* DivisionQuestion.m */; };
		770E7E251E707C0700D28260 /* QuestionFactory.m in Sources */ = {isa = PBXBuildFile; fileRef = 770E7E241E707C0700D28260 /* QuestionFactory.m */; };
/* End PBXBuildFile section */

/* Begin PBXCopyFilesBuildPhase section */
		770E7DFF1E7061AD00D28260 /* CopyFiles */ = {
			isa = PBXCopyFilesBuildPhase;
			buildActionMask = 2147483647;
			dstPath = /usr/share/man/man1/;
			dstSubfolderSpec = 0;
			files = (
			);
			runOnlyForDeploymentPostprocessing = 1;
		};
/* End PBXCopyFilesBuildPhase section */

/* Begin PBXFileReference section */
		770E7E011E7061AD00D28260 /* MathsPartIAndII */ = {isa = PBXFileReference; explicitFileType = "compiled.mach-o.executable"; includeInIndex = 0; path = MathsPartIAndII; sourceTree = BUILT_PRODUCTS_DIR; };
		770E7E041E7061AD00D28260 /* main.m */ = {isa = PBXFileReference; lastKnownFileType = sourcecode.c.objc; path = main.m; sourceTree = "<group>"; };
		770E7E0B1E7061E300D28260 /* Question.h */ = {isa = PBXFileReference; fileEncoding = 4; lastKnownFileType = sourcecode.c.h; path = Question.h; sourceTree = "<group>"; };
		770E7E0C1E7061E300D28260 /* Question.m */ = {isa = PBXFileReference; fileEncoding = 4; lastKnownFileType = sourcecode.c.objc; path = Question.m; sourceTree = "<group>"; };
		770E7E0E1E7061F300D28260 /* InputHandler.h */ = {isa = PBXFileReference; fileEncoding = 4; lastKnownFileType = sourcecode.c.h; path = InputHandler.h; sourceTree = "<group>"; };
		770E7E0F1E7061F300D28260 /* InputHandler.m */ = {isa = PBXFileReference; fileEncoding = 4; lastKnownFileType = sourcecode.c.objc; path = InputHandler.m; sourceTree = "<group>"; };
		770E7E111E70620900D28260 /* ScoreKeeper.h */ = {isa = PBXFileReference; fileEncoding = 4; lastKnownFileType = sourcecode.c.h; path = ScoreKeeper.h; sourceTree = "<group>"; };
		770E7E121E70620900D28260 /* ScoreKeeper.m */ = {isa = PBXFileReference; fileEncoding = 4; lastKnownFileType = sourcecode.c.objc; path = ScoreKeeper.m; sourceTree = "<group>"; };
		770E7E141E7065AD00D28260 /* QuestionManager.h */ = {isa = PBXFileReference; fileEncoding = 4; lastKnownFileType = sourcecode.c.h; path = QuestionManager.h; sourceTree = "<group>"; };
		770E7E151E7065AD00D28260 /* QuestionManager.m */ = {isa = PBXFileReference; fileEncoding = 4; lastKnownFileType = sourcecode.c.objc; path = QuestionManager.m; sourceTree = "<group>"; };
		770E7E171E70740F00D28260 /* AdditionQuestion.h */ = {isa = PBXFileReference; fileEncoding = 4; lastKnownFileType = sourcecode.c.h; path = AdditionQuestion.h; sourceTree = "<group>"; };
		770E7E181E70740F00D28260 /* AdditionQuestion.m */ = {isa = PBXFileReference; fileEncoding = 4; lastKnownFileType = sourcecode.c.objc; path = AdditionQuestion.m; sourceTree = "<group>"; };
		770E7E1A1E70742B00D28260 /* SubstractionQuestion.h */ = {isa = PBXFileReference; fileEncoding = 4; lastKnownFileType = sourcecode.c.h; path = SubstractionQuestion.h; sourceTree = "<group>"; };
		770E7E1B1E70742B00D28260 /* SubstractionQuestion.m */ = {isa = PBXFileReference; fileEncoding = 4; lastKnownFileType = sourcecode.c.objc; path = SubstractionQuestion.m; sourceTree = "<group>"; };
		770E7E1D1E70743C00D28260 /* MultiplicationQuestion.h */ = {isa = PBXFileReference; fileEncoding = 4; lastKnownFileType = sourcecode.c.h; path = MultiplicationQuestion.h; sourceTree = "<group>"; };
		770E7E1E1E70743C00D28260 /* MultiplicationQuestion.m */ = {isa = PBXFileReference; fileEncoding = 4; lastKnownFileType = sourcecode.c.objc; path = MultiplicationQuestion.m; sourceTree = "<group>"; };
		770E7E201E70744A00D28260 /* DivisionQuestion.h */ = {isa = PBXFileReference; fileEncoding = 4; lastKnownFileType = sourcecode.c.h; path = DivisionQuestion.h; sourceTree = "<group>"; };
		770E7E211E70744A00D28260 /* DivisionQuestion.m */ = {isa = PBXFileReference; fileEncoding = 4; lastKnownFileType = sourcecode.c.objc; path = DivisionQuestion.m; sourceTree = "<group>"; };
		770E7E231E707C0700D28260 /* QuestionFactory.h */ = {isa = PBXFileReference; fileEncoding = 4; lastKnownFileType = sourcecode.c.h; path = QuestionFactory.h; sourceTree = "<group>"; };
		770E7E241E707C0700D28260 /* QuestionFactory.m */ = {isa = PBXFileReference; fileEncoding = 4; lastKnownFileType = sourcecode.c.objc; path = QuestionFactory.m; sourceTree = "<group>"; };
/* End PBXFileReference section */

/* Begin PBXFrameworksBuildPhase section */
		770E7DFE1E7061AD00D28260 /* Frameworks */ = {
			isa = PBXFrameworksBuildPhase;
			buildActionMask = 2147483647;
			files = (
			);
			runOnlyForDeploymentPostprocessing = 0;
		};
/* End PBXFrameworksBuildPhase section */

/* Begin PBXGroup section */
		770E7DF81E7061AD00D28260 = {
			isa = PBXGroup;
			children = (
				770E7E031E7061AD00D28260 /* MathsPartIAndII */,
				770E7E021E7061AD00D28260 /* Products */,
			);
			sourceTree = "<group>";
		};
		770E7E021E7061AD00D28260 /* Products */ = {
			isa = PBXGroup;
			children = (
				770E7E011E7061AD00D28260 /* MathsPartIAndII */,
			);
			name = Products;
			sourceTree = "<group>";
		};
		770E7E031E7061AD00D28260 /* MathsPartIAndII */ = {
			isa = PBXGroup;
			children = (
				770E7E041E7061AD00D28260 /* main.m */,
				770E7E0B1E7061E300D28260 /* Question.h */,
				770E7E0C1E7061E300D28260 /* Question.m */,
				770E7E0E1E7061F300D28260 /* InputHandler.h */,
				770E7E0F1E7061F300D28260 /* InputHandler.m */,
				770E7E111E70620900D28260 /* ScoreKeeper.h */,
				770E7E121E70620900D28260 /* ScoreKeeper.m */,
				770E7E141E7065AD00D28260 /* QuestionManager.h */,
				770E7E151E7065AD00D28260 /* QuestionManager.m */,
				770E7E171E70740F00D28260 /* AdditionQuestion.h */,
				770E7E181E70740F00D28260 /* AdditionQuestion.m */,
				770E7E1A1E70742B00D28260 /* SubstractionQuestion.h */,
				770E7E1B1E70742B00D28260 /* SubstractionQuestion.m */,
				770E7E1D1E70743C00D28260 /* MultiplicationQuestion.h */,
				770E7E1E1E70743C00D28260 /* MultiplicationQuestion.m */,
				770E7E201E70744A00D28260 /* DivisionQuestion.h */,
				770E7E211E70744A00D28260 /* DivisionQuestion.m */,
				770E7E231E707C0700D28260 /* QuestionFactory.h */,
				770E7E241E707C0700D28260 /* QuestionFactory.m */,
			);
			path = MathsPartIAndII;
			sourceTree = "<group>";
		};
/* End PBXGroup section */

/* Begin PBXNativeTarget section */
		770E7E001E7061AD00D28260 /* MathsPartIAndII */ = {
			isa = PBXNativeTarget;
			buildConfigurationList = 770E7E081E7061AD00D28260 /* Build configuration list for PBXNativeTarget "MathsPartIAndII" */;
			buildPhases = (
				770E7DFD1E7061AD00D28260 /* Sources */,
				770E7DFE1E7061AD00D28260 /* Frameworks */,
				770E7DFF1E7061AD00D28260 /* CopyFiles */,
			);
			buildRules = (
			);
			dependencies = (
			);
			name = MathsPartIAndII;
			productName = MathsPartIAndII;
			productReference = 770E7E011E7061AD00D28260 /* MathsPartIAndII */;
			productType = "com.apple.product-type.tool";
		};
/* End PBXNativeTarget section */

/* Begin PBXProject section */
		770E7DF91E7061AD00D28260 /* Project object */ = {
			isa = PBXProject;
			attributes = {
				LastUpgradeCheck = 0820;
				ORGANIZATIONNAME = "Pierre Binon";
				TargetAttributes = {
					770E7E001E7061AD00D28260 = {
						CreatedOnToolsVersion = 8.2.1;
						ProvisioningStyle = Automatic;
					};
				};
			};
			buildConfigurationList = 770E7DFC1E7061AD00D28260 /* Build configuration list for PBXProject "MathsPartIAndII" */;
			compatibilityVersion = "Xcode 3.2";
			developmentRegion = English;
			hasScannedForEncodings = 0;
			knownRegions = (
				en,
			);
			mainGroup = 770E7DF81E7061AD00D28260;
			productRefGroup = 770E7E021E7061AD00D28260 /* Products */;
			projectDirPath = "";
			projectRoot = "";
			targets = (
				770E7E001E7061AD00D28260 /* MathsPartIAndII */,
			);
		};
/* End PBXProject section */

/* Begin PBXSourcesBuildPhase section */
		770E7DFD1E7061AD00D28260 /* Sources */ = {
			isa = PBXSourcesBuildPhase;
			buildActionMask = 2147483647;
			files = (
				770E7E161E7065AD00D28260 /* QuestionManager.m in Sources */,
				770E7E1F1E70743C00D28260 /* MultiplicationQuestion.m in Sources */,
				770E7E191E70740F00D28260 /* AdditionQuestion.m in Sources */,
				770E7E131E70620900D28260 /* ScoreKeeper.m in Sources */,
				770E7E051E7061AD00D28260 /* main.m in Sources */,
				770E7E101E7061F300D28260 /* InputHandler.m in Sources */,
				770E7E221E70744A00D28260 /* DivisionQuestion.m in Sources */,
				770E7E0D1E7061E300D28260 /* Question.m in Sources */,
				770E7E251E707C0700D28260 /* QuestionFactory.m in Sources */,
				770E7E1C1E70742B00D28260 /* SubstractionQuestion.m in Sources */,
			);
			runOnlyForDeploymentPostprocessing = 0;
		};
/* End PBXSourcesBuildPhase section */

/* Begin XCBuildConfiguration section */
		770E7E061E7061AD00D28260 /* Debug */ = {
			isa = XCBuildConfiguration;
			buildSettings = {
				ALWAYS_SEARCH_USER_PATHS = NO;
				CLANG_ANALYZER_NONNULL = YES;
				CLANG_CXX_LANGUAGE_STANDARD = "gnu++0x";
				CLANG_CXX_LIBRARY = "libc++";
				CLANG_ENABLE_MODULES = YES;
				CLANG_ENABLE_OBJC_ARC = YES;
				CLANG_WARN_BOOL_CONVERSION = YES;
				CLANG_WARN_CONSTANT_CONVERSION = YES;
				CLANG_WARN_DIRECT_OBJC_ISA_USAGE = YES_ERROR;
				CLANG_WARN_DOCUMENTATION_COMMENTS = YES;
				CLANG_WARN_EMPTY_BODY = YES;
				CLANG_WARN_ENUM_CONVERSION = YES;
				CLANG_WARN_INFINITE_RECURSION = YES;
				CLANG_WARN_INT_CONVERSION = YES;
				CLANG_WARN_OBJC_ROOT_CLASS = YES_ERROR;
				CLANG_WARN_SUSPICIOUS_MOVE = YES;
				CLANG_WARN_UNREACHABLE_CODE = YES;
				CLANG_WARN__DUPLICATE_METHOD_MATCH = YES;
				CODE_SIGN_IDENTITY = "-";
				COPY_PHASE_STRIP = NO;
				DEBUG_INFORMATION_FORMAT = dwarf;
				ENABLE_STRICT_OBJC_MSGSEND = YES;
				ENABLE_TESTABILITY = YES;
				GCC_C_LANGUAGE_STANDARD = gnu99;
				GCC_DYNAMIC_NO_PIC = NO;
				GCC_NO_COMMON_BLOCKS = YES;
				GCC_OPTIMIZATION_LEVEL = 0;
				GCC_PREPROCESSOR_DEFINITIONS = (
					"DEBUG=1",
					"$(inherited)",
				);
				GCC_WARN_64_TO_32_BIT_CONVERSION = YES;
				GCC_WARN_ABOUT_RETURN_TYPE = YES_ERROR;
				GCC_WARN_UNDECLARED_SELECTOR = YES;
				GCC_WARN_UNINITIALIZED_AUTOS = YES_AGGRESSIVE;
				GCC_WARN_UNUSED_FUNCTION = YES;
				GCC_WARN_UNUSED_VARIABLE = YES;
				MACOSX_DEPLOYMENT_TARGET = 10.12;
				MTL_ENABLE_DEBUG_INFO = YES;
				ONLY_ACTIVE_ARCH = YES;
				SDKROOT = macosx;
			};
			name = Debug;
		};
		770E7E071E7061AD00D28260 /* Release */ = {
			isa = XCBuildConfiguration;
			buildSettings = {
				ALWAYS_SEARCH_USER_PATHS = NO;
				CLANG_ANALYZER_NONNULL = YES;
				CLANG_CXX_LANGUAGE_STANDARD = "gnu++0x";
				CLANG_CXX_LIBRARY = "libc++";
				CLANG_ENABLE_MODULES = YES;
				CLANG_ENABLE_OBJC_ARC = YES;
				CLANG_WARN_BOOL_CONVERSION = YES;
				CLANG_WARN_CONSTANT_CONVERSION = YES;
				CLANG_WARN_DIRECT_OBJC_ISA_USAGE = YES_ERROR;
				CLANG_WARN_DOCUMENTATION_COMMENTS = YES;
				CLANG_WARN_EMPTY_BODY = YES;
				CLANG_WARN_ENUM_CONVERSION = YES;
				CLANG_WARN_INFINITE_RECURSION = YES;
				CLANG_WARN_INT_CONVERSION = YES;
				CLANG_WARN_OBJC_ROOT_CLASS = YES_ERROR;
				CLANG_WARN_SUSPICIOUS_MOVE = YES;
				CLANG_WARN_UNREACHABLE_CODE = YES;
				CLANG_WARN__DUPLICATE_METHOD_MATCH = YES;
				CODE_SIGN_IDENTITY = "-";
				COPY_PHASE_STRIP = NO;
				DEBUG_INFORMATION_FORMAT = "dwarf-with-dsym";
				ENABLE_NS_ASSERTIONS = NO;
				ENABLE_STRICT_OBJC_MSGSEND = YES;
				GCC_C_LANGUAGE_STANDARD = gnu99;
				GCC_NO_COMMON_BLOCKS = YES;
				GCC_WARN_64_TO_32_BIT_CONVERSION = YES;
				GCC_WARN_ABOUT_RETURN_TYPE = YES_ERROR;
				GCC_WARN_UNDECLARED_SELECTOR = YES;
				GCC_WARN_UNINITIALIZED_AUTOS = YES_AGGRESSIVE;
				GCC_WARN_UNUSED_FUNCTION = YES;
				GCC_WARN_UNUSED_VARIABLE = YES;
				MACOSX_DEPLOYMENT_TARGET = 10.12;
				MTL_ENABLE_DEBUG_INFO = NO;
				SDKROOT = macosx;
			};
			name = Release;
		};
		770E7E091E7061AD00D28260 /* Debug */ = {
			isa = XCBuildConfiguration;
			buildSettings = {
				PRODUCT_NAME = "$(TARGET_NAME)";
			};
			name = Debug;
		};
		770E7E0A1E7061AD00D28260 /* Release */ = {
			isa = XCBuildConfiguration;
			buildSettings = {
				PRODUCT_NAME = "$(TARGET_NAME)";
			};
			name = Release;
		};
/* End XCBuildConfiguration section */

/* Begin XCConfigurationList section */
		770E7DFC1E7061AD00D28260 /* Build configuration list for PBXProject "MathsPartIAndII" */ = {
			isa = XCConfigurationList;
			buildConfigurations = (
				770E7E061E7061AD00D28260 /* Debug */,
				770E7E071E7061AD00D28260 /* Release */,
			);
			defaultConfigurationIsVisible = 0;
			defaultConfigurationName = Release;
		};
		770E7E081E7061AD00D28260 /* Build configuration list for PBXNativeTarget "MathsPartIAndII" */ = {
			isa = XCConfigurationList;
			buildConfigurations = (
				770E7E091E7061AD00D28260 /* Debug */,
				770E7E0A1E7061AD00D28260 /* Release */,
			);
			defaultConfigurationIsVisible = 0;
			defaultConfigurationName = Release;
		};
/* End XCConfigurationList section */
	};
	rootObject = 770E7DF91E7061AD00D28260 /* Project object */;
}
